
Microsoft Visual Studio Solution File, Format Version 12.00
Project("{2150E333-8FDC-42A3-9474-1A3956D46DE8}") = "src", "src", "{E59933E7-208A-4880-82C7-AB6DD546F33C}"
EndProject
Project("{FAE04EC0-301F-11D3-BF4B-00C04F79EFBC}") = "YMYP_CleanArch.Application", "src\YMYP_CleanArch.Application\YMYP_CleanArch.Application.csproj", "{B6949A4F-40DA-4FDB-8D0C-5EE55E0143D3}"
EndProject
Project("{FAE04EC0-301F-11D3-BF4B-00C04F79EFBC}") = "YMYP_CleanArch.Domain", "src\YMYP_CleanArch.Domain\YMYP_CleanArch.Domain.csproj", "{CAEA1FE7-D4A8-4508-8738-F03E3180150B}"
EndProject
Project("{FAE04EC0-301F-11D3-BF4B-00C04F79EFBC}") = "YMYP_CleanArch.Infrastructure", "src\YMYP_CleanArch.Infrastructure\YMYP_CleanArch.Infrastructure.csproj", "{0E8F5E61-EFBC-4C4F-8C07-B8505493EA7C}"
EndProject
Project("{FAE04EC0-301F-11D3-BF4B-00C04F79EFBC}") = "YMYP_CleanArch.Presentation", "src\YMYP_CleanArch.Presentation\YMYP_CleanArch.Presentation.csproj", "{DC4DBA07-DA17-4FA7-90E3-F2494136EFA3}"
EndProject
Project("{FAE04EC0-301F-11D3-BF4B-00C04F79EFBC}") = "YMYP_CleanArch.WebApi", "src\YMYP_CleanArch.WebApi\YMYP_CleanArch.WebApi.csproj", "{9B0FB586-C726-4055-9C53-709C814E9813}"
EndProject
Global
	GlobalSection(SolutionConfigurationPlatforms) = preSolution
		Debug|Any CPU = Debug|Any CPU
		Release|Any CPU = Release|Any CPU
	EndGlobalSection
	GlobalSection(ProjectConfigurationPlatforms) = postSolution
		{B6949A4F-40DA-4FDB-8D0C-5EE55E0143D3}.Debug|Any CPU.ActiveCfg = Debug|Any CPU
		{B6949A4F-40DA-4FDB-8D0C-5EE55E0143D3}.Debug|Any CPU.Build.0 = Debug|Any CPU
		{B6949A4F-40DA-4FDB-8D0C-5EE55E0143D3}.Release|Any CPU.ActiveCfg = Release|Any CPU
		{B6949A4F-40DA-4FDB-8D0C-5EE55E0143D3}.Release|Any CPU.Build.0 = Release|Any CPU
		{CAEA1FE7-D4A8-4508-8738-F03E3180150B}.Debug|Any CPU.ActiveCfg = Debug|Any CPU
		{CAEA1FE7-D4A8-4508-8738-F03E3180150B}.Debug|Any CPU.Build.0 = Debug|Any CPU
		{CAEA1FE7-D4A8-4508-8738-F03E3180150B}.Release|Any CPU.ActiveCfg = Release|Any CPU
		{CAEA1FE7-D4A8-4508-8738-F03E3180150B}.Release|Any CPU.Build.0 = Release|Any CPU
		{0E8F5E61-EFBC-4C4F-8C07-B8505493EA7C}.Debug|Any CPU.ActiveCfg = Debug|Any CPU
		{0E8F5E61-EFBC-4C4F-8C07-B8505493EA7C}.Debug|Any CPU.Build.0 = Debug|Any CPU
		{0E8F5E61-EFBC-4C4F-8C07-B8505493EA7C}.Release|Any CPU.ActiveCfg = Release|Any CPU
		{0E8F5E61-EFBC-4C4F-8C07-B8505493EA7C}.Release|Any CPU.Build.0 = Release|Any CPU
		{DC4DBA07-DA17-4FA7-90E3-F2494136EFA3}.Debug|Any CPU.ActiveCfg = Debug|Any CPU
		{DC4DBA07-DA17-4FA7-90E3-F2494136EFA3}.Debug|Any CPU.Build.0 = Debug|Any CPU
		{DC4DBA07-DA17-4FA7-90E3-F2494136EFA3}.Release|Any CPU.ActiveCfg = Release|Any CPU
		{DC4DBA07-DA17-4FA7-90E3-F2494136EFA3}.Release|Any CPU.Build.0 = Release|Any CPU
		{9B0FB586-C726-4055-9C53-709C814E9813}.Debug|Any CPU.ActiveCfg = Debug|Any CPU
		{9B0FB586-C726-4055-9C53-709C814E9813}.Debug|Any CPU.Build.0 = Debug|Any CPU
		{9B0FB586-C726-4055-9C53-709C814E9813}.Release|Any CPU.ActiveCfg = Release|Any CPU
		{9B0FB586-C726-4055-9C53-709C814E9813}.Release|Any CPU.Build.0 = Release|Any CPU
	EndGlobalSection
	GlobalSection(NestedProjects) = preSolution
		{B6949A4F-40DA-4FDB-8D0C-5EE55E0143D3} = {E59933E7-208A-4880-82C7-AB6DD546F33C}
		{CAEA1FE7-D4A8-4508-8738-F03E3180150B} = {E59933E7-208A-4880-82C7-AB6DD546F33C}
		{0E8F5E61-EFBC-4C4F-8C07-B8505493EA7C} = {E59933E7-208A-4880-82C7-AB6DD546F33C}
		{DC4DBA07-DA17-4FA7-90E3-F2494136EFA3} = {E59933E7-208A-4880-82C7-AB6DD546F33C}
		{9B0FB586-C726-4055-9C53-709C814E9813} = {E59933E7-208A-4880-82C7-AB6DD546F33C}
	EndGlobalSection
EndGlobal
